
Microsoft Visual Studio Solution File, Format Version 12.00
# Visual Studio Version 16
VisualStudioVersion = 16.0.29905.134
MinimumVisualStudioVersion = 10.0.40219.1
Project("{FAE04EC0-301F-11D3-BF4B-00C04F79EFBC}") = "BookRazor", "BookRazor\BookRazor.csproj", "{730DF257-C6F9-4B02-9241-21F9B084A5A5}"
EndProject
Global
	GlobalSection(SolutionConfigurationPlatforms) = preSolution
		Debug|Any CPU = Debug|Any CPU
		Release|Any CPU = Release|Any CPU
	EndGlobalSection
	GlobalSection(ProjectConfigurationPlatforms) = postSolution
		{730DF257-C6F9-4B02-9241-21F9B084A5A5}.Debug|Any CPU.ActiveCfg = Debug|Any CPU
		{730DF257-C6F9-4B02-9241-21F9B084A5A5}.Debug|Any CPU.Build.0 = Debug|Any CPU
		{730DF257-C6F9-4B02-9241-21F9B084A5A5}.Release|Any CPU.ActiveCfg = Release|Any CPU
		{730DF257-C6F9-4B02-9241-21F9B084A5A5}.Release|Any CPU.Build.0 = Release|Any CPU
	EndGlobalSection
	GlobalSection(SolutionProperties) = preSolution
		HideSolutionNode = FALSE
	EndGlobalSection
	GlobalSection(ExtensibilityGlobals) = postSolution
		SolutionGuid = {8CB211A5-DF1B-453A-AC30-D3CFDFFFE7A0}
	EndGlobalSection
EndGlobal
